// !$*UTF8*$!
{
	archiveVersion = 1;
	classes = {
	};
	objectVersion = 51;
	objects = {

/* Begin PBXBuildFile section */
		998D14CB22C4B5D4008CEE8C /* AppDelegate.swift in Sources */ = {isa = PBXBuildFile; fileRef = 998D14CA22C4B5D4008CEE8C /* AppDelegate.swift */; };
		998D14CD22C4B5D4008CEE8C /* LoginViewController.swift in Sources */ = {isa = PBXBuildFile; fileRef = 998D14CC22C4B5D4008CEE8C /* LoginViewController.swift */; };
		998D14D022C4B5D4008CEE8C /* Main.storyboard in Resources */ = {isa = PBXBuildFile; fileRef = 998D14CE22C4B5D4008CEE8C /* Main.storyboard */; };
		998D14D222C4B5D6008CEE8C /* Assets.xcassets in Resources */ = {isa = PBXBuildFile; fileRef = 998D14D122C4B5D6008CEE8C /* Assets.xcassets */; };
		998D14D522C4B5D6008CEE8C /* LaunchScreen.storyboard in Resources */ = {isa = PBXBuildFile; fileRef = 998D14D322C4B5D6008CEE8C /* LaunchScreen.storyboard */; };
		998D14DD22C4B779008CEE8C /* GoogleService-Info.plist in Resources */ = {isa = PBXBuildFile; fileRef = 998D14DC22C4B779008CEE8C /* GoogleService-Info.plist */; };
		998D14DF22C4C7AC008CEE8C /* SnapsTableViewController.swift in Sources */ = {isa = PBXBuildFile; fileRef = 998D14DE22C4C7AC008CEE8C /* SnapsTableViewController.swift */; };
		998D14E122C4CA60008CEE8C /* SelectPictureViewController.swift in Sources */ = {isa = PBXBuildFile; fileRef = 998D14E022C4CA60008CEE8C /* SelectPictureViewController.swift */; };
		998D14E322C637D1008CEE8C /* SelectRecepientTableViewController.swift in Sources */ = {isa = PBXBuildFile; fileRef = 998D14E222C637D1008CEE8C /* SelectRecepientTableViewController.swift */; };
		998D14E522CA12F2008CEE8C /* ViewSnapViewController.swift in Sources */ = {isa = PBXBuildFile; fileRef = 998D14E422CA12F2008CEE8C /* ViewSnapViewController.swift */; };
		9A8896457518A03441D9B119 /* Pods_SnapchatClone.framework in Frameworks */ = {isa = PBXBuildFile; fileRef = 48E041D8F1D9AA8F420E75AF /* Pods_SnapchatClone.framework */; };
/* End PBXBuildFile section */

/* Begin PBXFileReference section */
		48E041D8F1D9AA8F420E75AF /* Pods_SnapchatClone.framework */ = {isa = PBXFileReference; explicitFileType = wrapper.framework; includeInIndex = 0; path = Pods_SnapchatClone.framework; sourceTree = BUILT_PRODUCTS_DIR; };
		8618AEF15921127B742668C0 /* Pods-SnapchatClone.release.xcconfig */ = {isa = PBXFileReference; includeInIndex = 1; lastKnownFileType = text.xcconfig; name = "Pods-SnapchatClone.release.xcconfig"; path = "Target Support Files/Pods-SnapchatClone/Pods-SnapchatClone.release.xcconfig"; sourceTree = "<group>"; };
		998D14C722C4B5D4008CEE8C /* SnapchatClone.app */ = {isa = PBXFileReference; explicitFileType = wrapper.application; includeInIndex = 0; path = SnapchatClone.app; sourceTree = BUILT_PRODUCTS_DIR; };
		998D14CA22C4B5D4008CEE8C /* AppDelegate.swift */ = {isa = PBXFileReference; lastKnownFileType = sourcecode.swift; path = AppDelegate.swift; sourceTree = "<group>"; };
		998D14CC22C4B5D4008CEE8C /* LoginViewController.swift */ = {isa = PBXFileReference; lastKnownFileType = sourcecode.swift; path = LoginViewController.swift; sourceTree = "<group>"; };
		998D14CF22C4B5D4008CEE8C /* Base */ = {isa = PBXFileReference; lastKnownFileType = file.storyboard; name = Base; path = Base.lproj/Main.storyboard; sourceTree = "<group>"; };
		998D14D122C4B5D6008CEE8C /* Assets.xcassets */ = {isa = PBXFileReference; lastKnownFileType = folder.assetcatalog; path = Assets.xcassets; sourceTree = "<group>"; };
		998D14D422C4B5D6008CEE8C /* Base */ = {isa = PBXFileReference; lastKnownFileType = file.storyboard; name = Base; path = Base.lproj/LaunchScreen.storyboard; sourceTree = "<group>"; };
		998D14D622C4B5D6008CEE8C /* Info.plist */ = {isa = PBXFileReference; lastKnownFileType = text.plist.xml; path = Info.plist; sourceTree = "<group>"; };
		998D14DC22C4B779008CEE8C /* GoogleService-Info.plist */ = {isa = PBXFileReference; fileEncoding = 4; lastKnownFileType = text.plist.xml; path = "GoogleService-Info.plist"; sourceTree = "<group>"; };
		998D14DE22C4C7AC008CEE8C /* SnapsTableViewController.swift */ = {isa = PBXFileReference; lastKnownFileType = sourcecode.swift; path = SnapsTableViewController.swift; sourceTree = "<group>"; };
		998D14E022C4CA60008CEE8C /* SelectPictureViewController.swift */ = {isa = PBXFileReference; lastKnownFileType = sourcecode.swift; path = SelectPictureViewController.swift; sourceTree = "<group>"; };
		998D14E222C637D1008CEE8C /* SelectRecepientTableViewController.swift */ = {isa = PBXFileReference; lastKnownFileType = sourcecode.swift; path = SelectRecepientTableViewController.swift; sourceTree = "<group>"; };
		998D14E422CA12F2008CEE8C /* ViewSnapViewController.swift */ = {isa = PBXFileReference; lastKnownFileType = sourcecode.swift; path = ViewSnapViewController.swift; sourceTree = "<group>"; };
		F8801B4A0F3D7FDF34C5FC88 /* Pods-SnapchatClone.debug.xcconfig */ = {isa = PBXFileReference; includeInIndex = 1; lastKnownFileType = text.xcconfig; name = "Pods-SnapchatClone.debug.xcconfig"; path = "Target Support Files/Pods-SnapchatClone/Pods-SnapchatClone.debug.xcconfig"; sourceTree = "<group>"; };
/* End PBXFileReference section */

/* Begin PBXFrameworksBuildPhase section */
		998D14C422C4B5D4008CEE8C /* Frameworks */ = {
			isa = PBXFrameworksBuildPhase;
			buildActionMask = 2147483647;
			files = (
				9A8896457518A03441D9B119 /* Pods_SnapchatClone.framework in Frameworks */,
			);
			runOnlyForDeploymentPostprocessing = 0;
		};
/* End PBXFrameworksBuildPhase section */

/* Begin PBXGroup section */
		444E6E69103BC66A946671E2 /* Pods */ = {
			isa = PBXGroup;
			children = (
				F8801B4A0F3D7FDF34C5FC88 /* Pods-SnapchatClone.debug.xcconfig */,
				8618AEF15921127B742668C0 /* Pods-SnapchatClone.release.xcconfig */,
			);
			path = Pods;
			sourceTree = "<group>";
		};
		998D14BE22C4B5D4008CEE8C = {
			isa = PBXGroup;
			children = (
				998D14C922C4B5D4008CEE8C /* SnapchatClone */,
				998D14C822C4B5D4008CEE8C /* Products */,
				444E6E69103BC66A946671E2 /* Pods */,
				D48F142F4AFA24C0B1134147 /* Frameworks */,
			);
			sourceTree = "<group>";
		};
		998D14C822C4B5D4008CEE8C /* Products */ = {
			isa = PBXGroup;
			children = (
				998D14C722C4B5D4008CEE8C /* SnapchatClone.app */,
			);
			name = Products;
			sourceTree = "<group>";
		};
		998D14C922C4B5D4008CEE8C /* SnapchatClone */ = {
			isa = PBXGroup;
			children = (
				998D14CA22C4B5D4008CEE8C /* AppDelegate.swift */,
				998D14CC22C4B5D4008CEE8C /* LoginViewController.swift */,
				998D14DE22C4C7AC008CEE8C /* SnapsTableViewController.swift */,
				998D14E022C4CA60008CEE8C /* SelectPictureViewController.swift */,
				998D14E222C637D1008CEE8C /* SelectRecepientTableViewController.swift */,
				998D14E422CA12F2008CEE8C /* ViewSnapViewController.swift */,
				998D14CE22C4B5D4008CEE8C /* Main.storyboard */,
				998D14D122C4B5D6008CEE8C /* Assets.xcassets */,
				998D14D322C4B5D6008CEE8C /* LaunchScreen.storyboard */,
				998D14D622C4B5D6008CEE8C /* Info.plist */,
				998D14DC22C4B779008CEE8C /* GoogleService-Info.plist */,
			);
			path = SnapchatClone;
			sourceTree = "<group>";
		};
		D48F142F4AFA24C0B1134147 /* Frameworks */ = {
			isa = PBXGroup;
			children = (
				48E041D8F1D9AA8F420E75AF /* Pods_SnapchatClone.framework */,
			);
			name = Frameworks;
			sourceTree = "<group>";
		};
/* End PBXGroup section */

/* Begin PBXNativeTarget section */
		998D14C622C4B5D4008CEE8C /* SnapchatClone */ = {
			isa = PBXNativeTarget;
			buildConfigurationList = 998D14D922C4B5D6008CEE8C /* Build configuration list for PBXNativeTarget "SnapchatClone" */;
			buildPhases = (
				4AE468998AA4F5E5EADB5FAE /* [CP] Check Pods Manifest.lock */,
				998D14C322C4B5D4008CEE8C /* Sources */,
				998D14C422C4B5D4008CEE8C /* Frameworks */,
				998D14C522C4B5D4008CEE8C /* Resources */,
				CC2E1DA0C9573D5862BD4165 /* [CP] Embed Pods Frameworks */,
			);
			buildRules = (
			);
			dependencies = (
			);
			name = SnapchatClone;
			productName = SnapchatClone;
			productReference = 998D14C722C4B5D4008CEE8C /* SnapchatClone.app */;
			productType = "com.apple.product-type.application";
		};
/* End PBXNativeTarget section */

/* Begin PBXProject section */
		998D14BF22C4B5D4008CEE8C /* Project object */ = {
			isa = PBXProject;
			attributes = {
				LastSwiftUpdateCheck = 1020;
				LastUpgradeCheck = 1020;
				ORGANIZATIONNAME = "David Daniel Leah (BFS EUROPE)";
				TargetAttributes = {
					998D14C622C4B5D4008CEE8C = {
						CreatedOnToolsVersion = 10.2;
					};
				};
			};
			buildConfigurationList = 998D14C222C4B5D4008CEE8C /* Build configuration list for PBXProject "SnapchatClone" */;
			compatibilityVersion = "Xcode 9.3";
			developmentRegion = en;
			hasScannedForEncodings = 0;
			knownRegions = (
				en,
				Base,
			);
			mainGroup = 998D14BE22C4B5D4008CEE8C;
			productRefGroup = 998D14C822C4B5D4008CEE8C /* Products */;
			projectDirPath = "";
			projectRoot = "";
			targets = (
				998D14C622C4B5D4008CEE8C /* SnapchatClone */,
			);
		};
/* End PBXProject section */

/* Begin PBXResourcesBuildPhase section */
		998D14C522C4B5D4008CEE8C /* Resources */ = {
			isa = PBXResourcesBuildPhase;
			buildActionMask = 2147483647;
			files = (
				998D14D522C4B5D6008CEE8C /* LaunchScreen.storyboard in Resources */,
				998D14DD22C4B779008CEE8C /* GoogleService-Info.plist in Resources */,
				998D14D222C4B5D6008CEE8C /* Assets.xcassets in Resources */,
				998D14D022C4B5D4008CEE8C /* Main.storyboard in Resources */,
			);
			runOnlyForDeploymentPostprocessing = 0;
		};
/* End PBXResourcesBuildPhase section */

/* Begin PBXShellScriptBuildPhase section */
		4AE468998AA4F5E5EADB5FAE /* [CP] Check Pods Manifest.lock */ = {
			isa = PBXShellScriptBuildPhase;
			buildActionMask = 2147483647;
			files = (
			);
			inputFileListPaths = (
			);
			inputPaths = (
				"${PODS_PODFILE_DIR_PATH}/Podfile.lock",
				"${PODS_ROOT}/Manifest.lock",
			);
			name = "[CP] Check Pods Manifest.lock";
			outputFileListPaths = (
			);
			outputPaths = (
				"$(DERIVED_FILE_DIR)/Pods-SnapchatClone-checkManifestLockResult.txt",
			);
			runOnlyForDeploymentPostprocessing = 0;
			shellPath = /bin/sh;
			shellScript = "diff \"${PODS_PODFILE_DIR_PATH}/Podfile.lock\" \"${PODS_ROOT}/Manifest.lock\" > /dev/null\nif [ $? != 0 ] ; then\n    # print error to STDERR\n    echo \"error: The sandbox is not in sync with the Podfile.lock. Run 'pod install' or update your CocoaPods installation.\" >&2\n    exit 1\nfi\n# This output is used by Xcode 'outputs' to avoid re-running this script phase.\necho \"SUCCESS\" > \"${SCRIPT_OUTPUT_FILE_0}\"\n";
			showEnvVarsInLog = 0;
		};
		CC2E1DA0C9573D5862BD4165 /* [CP] Embed Pods Frameworks */ = {
			isa = PBXShellScriptBuildPhase;
			buildActionMask = 2147483647;
			files = (
			);
			inputFileListPaths = (
				"${PODS_ROOT}/Target Support Files/Pods-SnapchatClone/Pods-SnapchatClone-frameworks-${CONFIGURATION}-input-files.xcfilelist",
			);
			name = "[CP] Embed Pods Frameworks";
			outputFileListPaths = (
				"${PODS_ROOT}/Target Support Files/Pods-SnapchatClone/Pods-SnapchatClone-frameworks-${CONFIGURATION}-output-files.xcfilelist",
			);
			runOnlyForDeploymentPostprocessing = 0;
			shellPath = /bin/sh;
			shellScript = "\"${PODS_ROOT}/Target Support Files/Pods-SnapchatClone/Pods-SnapchatClone-frameworks.sh\"\n";
			showEnvVarsInLog = 0;
		};
/* End PBXShellScriptBuildPhase section */

/* Begin PBXSourcesBuildPhase section */
		998D14C322C4B5D4008CEE8C /* Sources */ = {
			isa = PBXSourcesBuildPhase;
			buildActionMask = 2147483647;
			files = (
				998D14E322C637D1008CEE8C /* SelectRecepientTableViewController.swift in Sources */,
				998D14E522CA12F2008CEE8C /* ViewSnapViewController.swift in Sources */,
				998D14DF22C4C7AC008CEE8C /* SnapsTableViewController.swift in Sources */,
				998D14E122C4CA60008CEE8C /* SelectPictureViewController.swift in Sources */,
				998D14CD22C4B5D4008CEE8C /* LoginViewController.swift in Sources */,
				998D14CB22C4B5D4008CEE8C /* AppDelegate.swift in Sources */,
			);
			runOnlyForDeploymentPostprocessing = 0;
		};
/* End PBXSourcesBuildPhase section */

/* Begin PBXVariantGroup section */
		998D14CE22C4B5D4008CEE8C /* Main.storyboard */ = {
			isa = PBXVariantGroup;
			children = (
				998D14CF22C4B5D4008CEE8C /* Base */,
			);
			name = Main.storyboard;
			sourceTree = "<group>";
		};
		998D14D322C4B5D6008CEE8C /* LaunchScreen.storyboard */ = {
			isa = PBXVariantGroup;
			children = (
				998D14D422C4B5D6008CEE8C /* Base */,
			);
			name = LaunchScreen.storyboard;
			sourceTree = "<group>";
		};
/* End PBXVariantGroup section */

/* Begin XCBuildConfiguration section */
		998D14D722C4B5D6008CEE8C /* Debug */ = {
			isa = XCBuildConfiguration;
			buildSettings = {
				ALWAYS_SEARCH_USER_PATHS = NO;
				CLANG_ANALYZER_NONNULL = YES;
				CLANG_ANALYZER_NUMBER_OBJECT_CONVERSION = YES_AGGRESSIVE;
				CLANG_CXX_LANGUAGE_STANDARD = "gnu++14";
				CLANG_CXX_LIBRARY = "libc++";
				CLANG_ENABLE_MODULES = YES;
				CLANG_ENABLE_OBJC_ARC = YES;
				CLANG_ENABLE_OBJC_WEAK = YES;
				CLANG_WARN_BLOCK_CAPTURE_AUTORELEASING = YES;
				CLANG_WARN_BOOL_CONVERSION = YES;
				CLANG_WARN_COMMA = YES;
				CLANG_WARN_CONSTANT_CONVERSION = YES;
				CLANG_WARN_DEPRECATED_OBJC_IMPLEMENTATIONS = YES;
				CLANG_WARN_DIRECT_OBJC_ISA_USAGE = YES_ERROR;
				CLANG_WARN_DOCUMENTATION_COMMENTS = YES;
				CLANG_WARN_EMPTY_BODY = YES;
				CLANG_WARN_ENUM_CONVERSION = YES;
				CLANG_WARN_INFINITE_RECURSION = YES;
				CLANG_WARN_INT_CONVERSION = YES;
				CLANG_WARN_NON_LITERAL_NULL_CONVERSION = YES;
				CLANG_WARN_OBJC_IMPLICIT_RETAIN_SELF = YES;
				CLANG_WARN_OBJC_LITERAL_CONVERSION = YES;
				CLANG_WARN_OBJC_ROOT_CLASS = YES_ERROR;
				CLANG_WARN_RANGE_LOOP_ANALYSIS = YES;
				CLANG_WARN_STRICT_PROTOTYPES = YES;
				CLANG_WARN_SUSPICIOUS_MOVE = YES;
				CLANG_WARN_UNGUARDED_AVAILABILITY = YES_AGGRESSIVE;
				CLANG_WARN_UNREACHABLE_CODE = YES;
				CLANG_WARN__DUPLICATE_METHOD_MATCH = YES;
				CODE_SIGN_IDENTITY = "iPhone Developer";
				COPY_PHASE_STRIP = NO;
				DEBUG_INFORMATION_FORMAT = dwarf;
				ENABLE_STRICT_OBJC_MSGSEND = YES;
				ENABLE_TESTABILITY = YES;
				GCC_C_LANGUAGE_STANDARD = gnu11;
				GCC_DYNAMIC_NO_PIC = NO;
				GCC_NO_COMMON_BLOCKS = YES;
				GCC_OPTIMIZATION_LEVEL = 0;
				GCC_PREPROCESSOR_DEFINITIONS = (
					"DEBUG=1",
					"$(inherited)",
				);
				GCC_WARN_64_TO_32_BIT_CONVERSION = YES;
				GCC_WARN_ABOUT_RETURN_TYPE = YES_ERROR;
				GCC_WARN_UNDECLARED_SELECTOR = YES;
				GCC_WARN_UNINITIALIZED_AUTOS = YES_AGGRESSIVE;
				GCC_WARN_UNUSED_FUNCTION = YES;
				GCC_WARN_UNUSED_VARIABLE = YES;
				IPHONEOS_DEPLOYMENT_TARGET = 12.2;
				MTL_ENABLE_DEBUG_INFO = INCLUDE_SOURCE;
				MTL_FAST_MATH = YES;
				ONLY_ACTIVE_ARCH = YES;
				SDKROOT = iphoneos;
				SWIFT_ACTIVE_COMPILATION_CONDITIONS = DEBUG;
				SWIFT_OPTIMIZATION_LEVEL = "-Onone";
			};
			name = Debug;
		};
		998D14D822C4B5D6008CEE8C /* Release */ = {
			isa = XCBuildConfiguration;
			buildSettings = {
				ALWAYS_SEARCH_USER_PATHS = NO;
				CLANG_ANALYZER_NONNULL = YES;
				CLANG_ANALYZER_NUMBER_OBJECT_CONVERSION = YES_AGGRESSIVE;
				CLANG_CXX_LANGUAGE_STANDARD = "gnu++14";
				CLANG_CXX_LIBRARY = "libc++";
				CLANG_ENABLE_MODULES = YES;
				CLANG_ENABLE_OBJC_ARC = YES;
				CLANG_ENABLE_OBJC_WEAK = YES;
				CLANG_WARN_BLOCK_CAPTURE_AUTORELEASING = YES;
				CLANG_WARN_BOOL_CONVERSION = YES;
				CLANG_WARN_COMMA = YES;
				CLANG_WARN_CONSTANT_CONVERSION = YES;
				CLANG_WARN_DEPRECATED_OBJC_IMPLEMENTATIONS = YES;
				CLANG_WARN_DIRECT_OBJC_ISA_USAGE = YES_ERROR;
				CLANG_WARN_DOCUMENTATION_COMMENTS = YES;
				CLANG_WARN_EMPTY_BODY = YES;
				CLANG_WARN_ENUM_CONVERSION = YES;
				CLANG_WARN_INFINITE_RECURSION = YES;
				CLANG_WARN_INT_CONVERSION = YES;
				CLANG_WARN_NON_LITERAL_NULL_CONVERSION = YES;
				CLANG_WARN_OBJC_IMPLICIT_RETAIN_SELF = YES;
				CLANG_WARN_OBJC_LITERAL_CONVERSION = YES;
				CLANG_WARN_OBJC_ROOT_CLASS = YES_ERROR;
				CLANG_WARN_RANGE_LOOP_ANALYSIS = YES;
				CLANG_WARN_STRICT_PROTOTYPES = YES;
				CLANG_WARN_SUSPICIOUS_MOVE = YES;
				CLANG_WARN_UNGUARDED_AVAILABILITY = YES_AGGRESSIVE;
				CLANG_WARN_UNREACHABLE_CODE = YES;
				CLANG_WARN__DUPLICATE_METHOD_MATCH = YES;
				CODE_SIGN_IDENTITY = "iPhone Developer";
				COPY_PHASE_STRIP = NO;
				DEBUG_INFORMATION_FORMAT = "dwarf-with-dsym";
				ENABLE_NS_ASSERTIONS = NO;
				ENABLE_STRICT_OBJC_MSGSEND = YES;
				GCC_C_LANGUAGE_STANDARD = gnu11;
				GCC_NO_COMMON_BLOCKS = YES;
				GCC_WARN_64_TO_32_BIT_CONVERSION = YES;
				GCC_WARN_ABOUT_RETURN_TYPE = YES_ERROR;
				GCC_WARN_UNDECLARED_SELECTOR = YES;
				GCC_WARN_UNINITIALIZED_AUTOS = YES_AGGRESSIVE;
				GCC_WARN_UNUSED_FUNCTION = YES;
				GCC_WARN_UNUSED_VARIABLE = YES;
				IPHONEOS_DEPLOYMENT_TARGET = 12.2;
				MTL_ENABLE_DEBUG_INFO = NO;
				MTL_FAST_MATH = YES;
				SDKROOT = iphoneos;
				SWIFT_COMPILATION_MODE = wholemodule;
				SWIFT_OPTIMIZATION_LEVEL = "-O";
				VALIDATE_PRODUCT = YES;
			};
			name = Release;
		};
		998D14DA22C4B5D6008CEE8C /* Debug */ = {
			isa = XCBuildConfiguration;
			baseConfigurationReference = F8801B4A0F3D7FDF34C5FC88 /* Pods-SnapchatClone.debug.xcconfig */;
			buildSettings = {
				ASSETCATALOG_COMPILER_APPICON_NAME = AppIcon;
				CODE_SIGN_STYLE = Automatic;
				DEVELOPMENT_TEAM = DH5S35BHEZ;
				INFOPLIST_FILE = SnapchatClone/Info.plist;
				LD_RUNPATH_SEARCH_PATHS = (
					"$(inherited)",
					"@executable_path/Frameworks",
				);
				PRODUCT_BUNDLE_IDENTIFIER = com.davidleah.SnapchatClone;
				PRODUCT_NAME = "$(TARGET_NAME)";
				SWIFT_VERSION = 5.0;
				TARGETED_DEVICE_FAMILY = "1,2";
			};
			name = Debug;
		};
		998D14DB22C4B5D6008CEE8C /* Release */ = {
			isa = XCBuildConfiguration;
			baseConfigurationReference = 8618AEF15921127B742668C0 /* Pods-SnapchatClone.release.xcconfig */;
			buildSettings = {
				ASSETCATALOG_COMPILER_APPICON_NAME = AppIcon;
				CODE_SIGN_STYLE = Automatic;
				DEVELOPMENT_TEAM = DH5S35BHEZ;
				INFOPLIST_FILE = SnapchatClone/Info.plist;
				LD_RUNPATH_SEARCH_PATHS = (
					"$(inherited)",
					"@executable_path/Frameworks",
				);
				PRODUCT_BUNDLE_IDENTIFIER = com.davidleah.SnapchatClone;
				PRODUCT_NAME = "$(TARGET_NAME)";
				SWIFT_VERSION = 5.0;
				TARGETED_DEVICE_FAMILY = "1,2";
			};
			name = Release;
		};
/* End XCBuildConfiguration section */

/* Begin XCConfigurationList section */
		998D14C222C4B5D4008CEE8C /* Build configuration list for PBXProject "SnapchatClone" */ = {
			isa = XCConfigurationList;
			buildConfigurations = (
				998D14D722C4B5D6008CEE8C /* Debug */,
				998D14D822C4B5D6008CEE8C /* Release */,
			);
			defaultConfigurationIsVisible = 0;
			defaultConfigurationName = Release;
		};
		998D14D922C4B5D6008CEE8C /* Build configuration list for PBXNativeTarget "SnapchatClone" */ = {
			isa = XCConfigurationList;
			buildConfigurations = (
				998D14DA22C4B5D6008CEE8C /* Debug */,
				998D14DB22C4B5D6008CEE8C /* Release */,
			);
			defaultConfigurationIsVisible = 0;
			defaultConfigurationName = Release;
		};
/* End XCConfigurationList section */
	};
	rootObject = 998D14BF22C4B5D4008CEE8C /* Project object */;
}
